
Microsoft Visual Studio Solution File, Format Version 12.00
# Visual Studio Version 17
VisualStudioVersion = 17.0.32112.339
MinimumVisualStudioVersion = 10.0.40219.1
Project("{FAE04EC0-301F-11D3-BF4B-00C04F79EFBC}") = "homejob1", "homejob1\homejob1.csproj", "{B4D68377-7A3A-49B4-8FDD-203F2877A09B}"
EndProject
Global
	GlobalSection(SolutionConfigurationPlatforms) = preSolution
		Debug|Any CPU = Debug|Any CPU
		Release|Any CPU = Release|Any CPU
	EndGlobalSection
	GlobalSection(ProjectConfigurationPlatforms) = postSolution
		{B4D68377-7A3A-49B4-8FDD-203F2877A09B}.Debug|Any CPU.ActiveCfg = Debug|Any CPU
		{B4D68377-7A3A-49B4-8FDD-203F2877A09B}.Debug|Any CPU.Build.0 = Debug|Any CPU
		{B4D68377-7A3A-49B4-8FDD-203F2877A09B}.Release|Any CPU.ActiveCfg = Release|Any CPU
		{B4D68377-7A3A-49B4-8FDD-203F2877A09B}.Release|Any CPU.Build.0 = Release|Any CPU
	EndGlobalSection
	GlobalSection(SolutionProperties) = preSolution
		HideSolutionNode = FALSE
	EndGlobalSection
	GlobalSection(ExtensibilityGlobals) = postSolution
		SolutionGuid = {AC1AB2FB-7404-40DA-948A-8B33BA9033FE}
	EndGlobalSection
EndGlobal
