
Microsoft Visual Studio Solution File, Format Version 12.00
# Visual Studio Version 17
VisualStudioVersion = 17.0.32112.339
MinimumVisualStudioVersion = 10.0.40219.1
Project("{FAE04EC0-301F-11D3-BF4B-00C04F79EFBC}") = "homejob3", "homejob3\homejob3.csproj", "{F58A2D70-5B40-4F46-B107-494CC583E081}"
EndProject
Global
	GlobalSection(SolutionConfigurationPlatforms) = preSolution
		Debug|Any CPU = Debug|Any CPU
		Release|Any CPU = Release|Any CPU
	EndGlobalSection
	GlobalSection(ProjectConfigurationPlatforms) = postSolution
		{F58A2D70-5B40-4F46-B107-494CC583E081}.Debug|Any CPU.ActiveCfg = Debug|Any CPU
		{F58A2D70-5B40-4F46-B107-494CC583E081}.Debug|Any CPU.Build.0 = Debug|Any CPU
		{F58A2D70-5B40-4F46-B107-494CC583E081}.Release|Any CPU.ActiveCfg = Release|Any CPU
		{F58A2D70-5B40-4F46-B107-494CC583E081}.Release|Any CPU.Build.0 = Release|Any CPU
	EndGlobalSection
	GlobalSection(SolutionProperties) = preSolution
		HideSolutionNode = FALSE
	EndGlobalSection
	GlobalSection(ExtensibilityGlobals) = postSolution
		SolutionGuid = {54D0EE16-384D-4357-8DC1-021270FB57FE}
	EndGlobalSection
EndGlobal
